
Microsoft Visual Studio Solution File, Format Version 12.00
# Visual Studio Version 17
VisualStudioVersion = 17.0.31903.59
MinimumVisualStudioVersion = 10.0.40219.1
Project("{2150E333-8FDC-42A3-9474-1A3956D46DE8}") = "Backend", "Backend", "{45279AEA-4BC9-44A4-A588-295BBAC83FD6}"
EndProject
Project("{FAE04EC0-301F-11D3-BF4B-00C04F79EFBC}") = "AccessAppUser", "Backend\AccessAppUser\AccessAppUser.csproj", "{A91B6605-98F6-4B6C-9D1C-7336C9EC598D}"
EndProject
Global
	GlobalSection(SolutionConfigurationPlatforms) = preSolution
		Debug|Any CPU = Debug|Any CPU
		Release|Any CPU = Release|Any CPU
	EndGlobalSection
	GlobalSection(SolutionProperties) = preSolution
		HideSolutionNode = FALSE
	EndGlobalSection
	GlobalSection(ProjectConfigurationPlatforms) = postSolution
		{A91B6605-98F6-4B6C-9D1C-7336C9EC598D}.Debug|Any CPU.ActiveCfg = Debug|Any CPU
		{A91B6605-98F6-4B6C-9D1C-7336C9EC598D}.Debug|Any CPU.Build.0 = Debug|Any CPU
		{A91B6605-98F6-4B6C-9D1C-7336C9EC598D}.Release|Any CPU.ActiveCfg = Release|Any CPU
		{A91B6605-98F6-4B6C-9D1C-7336C9EC598D}.Release|Any CPU.Build.0 = Release|Any CPU
	EndGlobalSection
	GlobalSection(NestedProjects) = preSolution
		{A91B6605-98F6-4B6C-9D1C-7336C9EC598D} = {45279AEA-4BC9-44A4-A588-295BBAC83FD6}
	EndGlobalSection
EndGlobal
